{
    "name": "wp-blog",
    "version": "1.7.0",
    "lockfileVersion": 1,
    "requires": true,
    "dependencies": {
        "autosize": {
            "version": "3.0.21",
            "resolved": "https://registry.npmjs.org/autosize/-/autosize-3.0.21.tgz",
            "integrity": "sha1-8YL0DRd1fZeKE5pMnKQMTA5EhgM="
        },
        "axios": {
            "version": "0.19.2",
            "resolved": "https://registry.npmjs.org/axios/-/axios-0.19.2.tgz",
            "integrity": "sha512-fjgm5MvRHLhx+osE2xoekY70AhARk3a6hkN+3Io1jc00jtquGvxYlKlsFUhmUET0V5te6CcZI7lcv2Ym61mjHA==",
            "requires": {
                "follow-redirects": "1.5.10"
            }
        },
        "call-bind": {
            "version": "1.0.2",
            "resolved": "https://registry.npmjs.org/call-bind/-/call-bind-1.0.2.tgz",
            "integrity": "sha512-7O+FbCihrB5WGbFYesctwmTKae6rOiIzmz1icreWJ+0aA7LJfuqhEso2T9ncpcFtzMQtzXf2QGGueWJGTYsqrA==",
            "requires": {
                "function-bind": "^1.1.1",
                "get-intrinsic": "^1.0.2"
            }
        },
        "date-fns": {
            "version": "2.16.1",
            "resolved": "https://registry.npmjs.org/date-fns/-/date-fns-2.16.1.tgz",
            "integrity": "sha512-sAJVKx/FqrLYHAQeN7VpJrPhagZc9R4ImZIWYRFZaaohR3KzmuK88touwsSwSVT8Qcbd4zoDsnGfX4GFB4imyQ=="
        },
        "debug": {
            "version": "3.1.0",
            "resolved": "https://registry.npmjs.org/debug/-/debug-3.1.0.tgz",
            "integrity": "sha512-OX8XqP7/1a9cqkxYw2yXss15f26NKWBpDXQd0/uK/KPqdQhxbPa994hnzjcE2VqQpDslf55723cKPUOGSmMY3g==",
            "requires": {
                "ms": "2.0.0"
            }
        },
        "define-properties": {
            "version": "1.1.3",
            "resolved": "https://registry.npmjs.org/define-properties/-/define-properties-1.1.3.tgz",
            "integrity": "sha512-3MqfYKj2lLzdMSf8ZIZE/V+Zuy+BgD6f164e8K2w7dgnpKArBDerGYpM46IYYcjnkdPNMjPk9A6VFB8+3SKlXQ==",
            "requires": {
                "object-keys": "^1.0.12"
            }
        },
        "es-abstract": {
            "version": "1.18.4",
            "resolved": "https://registry.npmjs.org/es-abstract/-/es-abstract-1.18.4.tgz",
            "integrity": "sha512-xjDAPJRxKc1uoTkdW8MEk7Fq/2bzz3YoCADYniDV7+KITCUdu9c90fj1aKI7nEZFZxRrHlDo3wtma/C6QkhlXQ==",
            "requires": {
                "call-bind": "^1.0.2",
                "es-to-primitive": "^1.2.1",
                "function-bind": "^1.1.1",
                "get-intrinsic": "^1.1.1",
                "has": "^1.0.3",
                "has-symbols": "^1.0.2",
                "internal-slot": "^1.0.3",
                "is-callable": "^1.2.3",
                "is-negative-zero": "^2.0.1",
                "is-regex": "^1.1.3",
                "is-string": "^1.0.6",
                "object-inspect": "^1.11.0",
                "object-keys": "^1.1.1",
                "object.assign": "^4.1.2",
                "string.prototype.trimend": "^1.0.4",
                "string.prototype.trimstart": "^1.0.4",
                "unbox-primitive": "^1.0.1"
            }
        },
        "es-to-primitive": {
            "version": "1.2.1",
            "resolved": "https://registry.npmjs.org/es-to-primitive/-/es-to-primitive-1.2.1.tgz",
            "integrity": "sha512-QCOllgZJtaUo9miYBcLChTUaHNjJF3PYs1VidD7AwiEj1kYxKeQTctLAezAOH5ZKRH0g2IgPn6KwB4IT8iRpvA==",
            "requires": {
                "is-callable": "^1.1.4",
                "is-date-object": "^1.0.1",
                "is-symbol": "^1.0.2"
            }
        },
        "es6-promise": {
            "version": "4.1.1",
            "resolved": "https://registry.npmjs.org/es6-promise/-/es6-promise-4.1.1.tgz",
            "integrity": "sha512-OaU1hHjgJf+b0NzsxCg7NdIYERD6Hy/PEmFLTjw+b65scuisG3Kt4QoTvJ66BBkPZ581gr0kpoVzKnxniM8nng=="
        },
        "follow-redirects": {
            "version": "1.5.10",
            "resolved": "https://registry.npmjs.org/follow-redirects/-/follow-redirects-1.5.10.tgz",
            "integrity": "sha512-0V5l4Cizzvqt5D44aTXbFZz+FtyXV1vrDN6qrelxtfYQKW0KO0W2T/hkE8xvGa/540LkZlkaUjO4ailYTFtHVQ==",
            "requires": {
                "debug": "=3.1.0"
            }
        },
        "for-each": {
            "version": "0.3.3",
            "resolved": "https://registry.npmjs.org/for-each/-/for-each-0.3.3.tgz",
            "integrity": "sha512-jqYfLp7mo9vIyQf8ykW2v7A+2N4QjeCeI5+Dz9XraiO1ign81wjiH7Fb9vSOWvQfNtmSa4H2RoQTrrXivdUZmw==",
            "requires": {
                "is-callable": "^1.1.3"
            }
        },
        "function-bind": {
            "version": "1.1.1",
            "resolved": "https://registry.npmjs.org/function-bind/-/function-bind-1.1.1.tgz",
            "integrity": "sha512-yIovAzMX49sF8Yl58fSCWJ5svSLuaibPxXQJFLmBObTuCr0Mf1KiPopGM9NiFjiYBCbfaa2Fh6breQ6ANVTI0A=="
        },
        "get-intrinsic": {
            "version": "1.1.1",
            "resolved": "https://registry.npmjs.org/get-intrinsic/-/get-intrinsic-1.1.1.tgz",
            "integrity": "sha512-kWZrnVM42QCiEA2Ig1bG8zjoIMOgxWwYCEeNdwY6Tv/cOSeGpcoX4pXHfKUxNKVoArnrEr2e9srnAxxGIraS9Q==",
            "requires": {
                "function-bind": "^1.1.1",
                "has": "^1.0.3",
                "has-symbols": "^1.0.1"
            }
        },
        "gitalk": {
            "version": "1.7.2",
            "resolved": "https://registry.npmjs.org/gitalk/-/gitalk-1.7.2.tgz",
            "integrity": "sha512-7jrUlGDtwdmvaHNVKTzG1qLLqgUdFsMPQLbPVMLVNiECmyg20TvBiRlU7t6xqUBYC/j6YwlOnqwgJuKiDmC8fA==",
            "requires": {
                "autosize": "3.0.21",
                "axios": "0.19.2",
                "date-fns": "2.16.1",
                "es6-promise": "4.1.1",
                "github-markdown-css": "2.8.0",
                "node-polyglot": "2.2.2",
                "preact": "8.1.0",
                "preact-compat": "3.16.0",
                "react-flip-move": "2.9.14"
            }
        },
        "github-markdown-css": {
            "version": "2.8.0",
            "resolved": "https://registry.npmjs.org/github-markdown-css/-/github-markdown-css-2.8.0.tgz",
            "integrity": "sha1-nAP2RvVQt+P9nuCuKe4D6i/mg6M="
        },
        "has": {
            "version": "1.0.3",
            "resolved": "https://registry.npmjs.org/has/-/has-1.0.3.tgz",
            "integrity": "sha512-f2dvO0VU6Oej7RkWJGrehjbzMAjFp5/VKPp5tTpWIV4JHHZK1/BxbFRtf/siA2SWTe09caDmVtYYzWEIbBS4zw==",
            "requires": {
                "function-bind": "^1.1.1"
            }
        },
        "has-bigints": {
            "version": "1.0.1",
            "resolved": "https://registry.npmjs.org/has-bigints/-/has-bigints-1.0.1.tgz",
            "integrity": "sha512-LSBS2LjbNBTf6287JEbEzvJgftkF5qFkmCo9hDRpAzKhUOlJ+hx8dd4USs00SgsUNwc4617J9ki5YtEClM2ffA=="
        },
        "has-symbols": {
            "version": "1.0.2",
            "resolved": "https://registry.npmjs.org/has-symbols/-/has-symbols-1.0.2.tgz",
            "integrity": "sha512-chXa79rL/UC2KlX17jo3vRGz0azaWEx5tGqZg5pO3NUyEJVB17dMruQlzCCOfUvElghKcm5194+BCRvi2Rv/Gw=="
        },
        "immutability-helper": {
            "version": "2.9.1",
            "resolved": "https://registry.npmjs.org/immutability-helper/-/immutability-helper-2.9.1.tgz",
            "integrity": "sha512-r/RmRG8xO06s/k+PIaif2r5rGc3j4Yhc01jSBfwPCXDLYZwp/yxralI37Df1mwmuzcCsen/E/ITKcTEvc1PQmQ==",
            "requires": {
                "invariant": "^2.2.0"
            }
        },
        "internal-slot": {
            "version": "1.0.3",
            "resolved": "https://registry.npmjs.org/internal-slot/-/internal-slot-1.0.3.tgz",
            "integrity": "sha512-O0DB1JC/sPyZl7cIo78n5dR7eUSwwpYPiXRhTzNxZVAMUuB8vlnRFyLxdrVToks6XPLVnFfbzaVd5WLjhgg+vA==",
            "requires": {
                "get-intrinsic": "^1.1.0",
                "has": "^1.0.3",
                "side-channel": "^1.0.4"
            }
        },
        "invariant": {
            "version": "2.2.4",
            "resolved": "https://registry.npmjs.org/invariant/-/invariant-2.2.4.tgz",
            "integrity": "sha512-phJfQVBuaJM5raOpJjSfkiD6BpbCE4Ns//LaXl6wGYtUBY83nWS6Rf9tXm2e8VaK60JEjYldbPif/A2B1C2gNA==",
            "requires": {
                "loose-envify": "^1.0.0"
            }
        },
        "is-bigint": {
            "version": "1.0.2",
            "resolved": "https://registry.npmjs.org/is-bigint/-/is-bigint-1.0.2.tgz",
            "integrity": "sha512-0JV5+SOCQkIdzjBK9buARcV804Ddu7A0Qet6sHi3FimE9ne6m4BGQZfRn+NZiXbBk4F4XmHfDZIipLj9pX8dSA=="
        },
        "is-boolean-object": {
            "version": "1.1.1",
            "resolved": "https://registry.npmjs.org/is-boolean-object/-/is-boolean-object-1.1.1.tgz",
            "integrity": "sha512-bXdQWkECBUIAcCkeH1unwJLIpZYaa5VvuygSyS/c2lf719mTKZDU5UdDRlpd01UjADgmW8RfqaP+mRaVPdr/Ng==",
            "requires": {
                "call-bind": "^1.0.2"
            }
        },
        "is-callable": {
            "version": "1.2.3",
            "resolved": "https://registry.npmjs.org/is-callable/-/is-callable-1.2.3.tgz",
            "integrity": "sha512-J1DcMe8UYTBSrKezuIUTUwjXsho29693unXM2YhJUTR2txK/eG47bvNa/wipPFmZFgr/N6f1GA66dv0mEyTIyQ=="
        },
        "is-date-object": {
            "version": "1.0.4",
            "resolved": "https://registry.npmjs.org/is-date-object/-/is-date-object-1.0.4.tgz",
            "integrity": "sha512-/b4ZVsG7Z5XVtIxs/h9W8nvfLgSAyKYdtGWQLbqy6jA1icmgjf8WCoTKgeS4wy5tYaPePouzFMANbnj94c2Z+A=="
        },
        "is-negative-zero": {
            "version": "2.0.1",
            "resolved": "https://registry.npmjs.org/is-negative-zero/-/is-negative-zero-2.0.1.tgz",
            "integrity": "sha512-2z6JzQvZRa9A2Y7xC6dQQm4FSTSTNWjKIYYTt4246eMTJmIo0Q+ZyOsU66X8lxK1AbB92dFeglPLrhwpeRKO6w=="
        },
        "is-number-object": {
            "version": "1.0.5",
            "resolved": "https://registry.npmjs.org/is-number-object/-/is-number-object-1.0.5.tgz",
            "integrity": "sha512-RU0lI/n95pMoUKu9v1BZP5MBcZuNSVJkMkAG2dJqC4z2GlkGUNeH68SuHuBKBD/XFe+LHZ+f9BKkLET60Niedw=="
        },
        "is-regex": {
            "version": "1.1.3",
            "resolved": "https://registry.npmjs.org/is-regex/-/is-regex-1.1.3.tgz",
            "integrity": "sha512-qSVXFz28HM7y+IWX6vLCsexdlvzT1PJNFSBuaQLQ5o0IEw8UDYW6/2+eCMVyIsbM8CNLX2a/QWmSpyxYEHY7CQ==",
            "requires": {
                "call-bind": "^1.0.2",
                "has-symbols": "^1.0.2"
            }
        },
        "is-string": {
            "version": "1.0.6",
            "resolved": "https://registry.npmjs.org/is-string/-/is-string-1.0.6.tgz",
            "integrity": "sha512-2gdzbKUuqtQ3lYNrUTQYoClPhm7oQu4UdpSZMp1/DGgkHBT8E2Z1l0yMdb6D4zNAxwDiMv8MdulKROJGNl0Q0w=="
        },
        "is-symbol": {
            "version": "1.0.4",
            "resolved": "https://registry.npmjs.org/is-symbol/-/is-symbol-1.0.4.tgz",
            "integrity": "sha512-C/CPBqKWnvdcxqIARxyOh4v1UUEOCHpgDa0WYgpKDFMszcrPcffg5uhwSgPCLD2WWxmq6isisz87tzT01tuGhg==",
            "requires": {
                "has-symbols": "^1.0.2"
            }
        },
        "js-tokens": {
            "version": "4.0.0",
            "resolved": "https://registry.npmjs.org/js-tokens/-/js-tokens-4.0.0.tgz",
            "integrity": "sha512-RdJUflcE3cUzKiMqQgsCu06FPu9UdIJO0beYbPhHN4k6apgJtifcoCtT9bcxOpYBtpD2kCM6Sbzg4CausW/PKQ=="
        },
        "loose-envify": {
            "version": "1.4.0",
            "resolved": "https://registry.npmjs.org/loose-envify/-/loose-envify-1.4.0.tgz",
            "integrity": "sha512-lyuxPGr/Wfhrlem2CL/UcnUc1zcqKAImBDzukY7Y5F/yQiNdko6+fRLevlw1HgMySw7f611UIY408EtxRSoK3Q==",
            "requires": {
                "js-tokens": "^3.0.0 || ^4.0.0"
            }
        },
        "ms": {
            "version": "2.0.0",
            "resolved": "https://registry.npmjs.org/ms/-/ms-2.0.0.tgz",
            "integrity": "sha1-VgiurfwAvmwpAd9fmGF4jeDVl8g="
        },
        "node-polyglot": {
            "version": "2.2.2",
            "resolved": "https://registry.npmjs.org/node-polyglot/-/node-polyglot-2.2.2.tgz",
            "integrity": "sha1-Gj921zkvg26ggjg27egX5upuwmw=",
            "requires": {
                "for-each": "^0.3.2",
                "has": "^1.0.1",
                "string.prototype.trim": "^1.1.2",
                "warning": "^3.0.0"
            }
        },
        "object-assign": {
            "version": "4.1.1",
            "resolved": "https://registry.npmjs.org/object-assign/-/object-assign-4.1.1.tgz",
            "integrity": "sha1-IQmtx5ZYh8/AXLvUQsrIv7s2CGM="
        },
        "object-inspect": {
            "version": "1.11.0",
            "resolved": "https://registry.npmjs.org/object-inspect/-/object-inspect-1.11.0.tgz",
            "integrity": "sha512-jp7ikS6Sd3GxQfZJPyH3cjcbJF6GZPClgdV+EFygjFLQ5FmW/dRUnTd9PQ9k0JhoNDabWFbpF1yCdSWCC6gexg=="
        },
        "object-keys": {
            "version": "1.1.1",
            "resolved": "https://registry.npmjs.org/object-keys/-/object-keys-1.1.1.tgz",
            "integrity": "sha512-NuAESUOUMrlIXOfHKzD6bpPu3tYt3xvjNdRIQ+FeT0lNb4K8WR70CaDxhuNguS2XG+GjkyMwOzsN5ZktImfhLA=="
        },
        "object.assign": {
            "version": "4.1.2",
            "resolved": "https://registry.npmjs.org/object.assign/-/object.assign-4.1.2.tgz",
            "integrity": "sha512-ixT2L5THXsApyiUPYKmW+2EHpXXe5Ii3M+f4e+aJFAHao5amFRW6J0OO6c/LU8Be47utCx2GL89hxGB6XSmKuQ==",
            "requires": {
                "call-bind": "^1.0.0",
                "define-properties": "^1.1.3",
                "has-symbols": "^1.0.1",
                "object-keys": "^1.1.1"
            }
        },
        "preact": {
            "version": "8.1.0",
            "resolved": "https://registry.npmjs.org/preact/-/preact-8.1.0.tgz",
            "integrity": "sha1-8DW4CO67dORtViRrAsoPGQttZXQ="
        },
        "preact-compat": {
            "version": "3.16.0",
            "resolved": "https://registry.npmjs.org/preact-compat/-/preact-compat-3.16.0.tgz",
            "integrity": "sha1-zyvBsvj8oUkA1oCU+eELizKcxB4=",
            "requires": {
                "immutability-helper": "^2.1.2",
                "preact-render-to-string": "^3.6.0",
                "preact-transition-group": "^1.1.0",
                "prop-types": "^15.5.8",
                "standalone-react-addons-pure-render-mixin": "^0.1.1"
            }
        },
        "preact-render-to-string": {
            "version": "3.8.2",
            "resolved": "https://registry.npmjs.org/preact-render-to-string/-/preact-render-to-string-3.8.2.tgz",
            "integrity": "sha512-przuZPajiurStGgxMoJP0EJeC4xj5CgHv+M7GfF3YxAdhGgEWAkhOSE0xympAFN20uMayntBZpttIZqqLl77fw==",
            "requires": {
                "pretty-format": "^3.5.1"
            }
        },
        "preact-transition-group": {
            "version": "1.1.1",
            "resolved": "https://registry.npmjs.org/preact-transition-group/-/preact-transition-group-1.1.1.tgz",
            "integrity": "sha1-8KSTJ+pRXs406ivoZMSn0p5dbhA="
        },
        "pretty-format": {
            "version": "3.8.0",
            "resolved": "https://registry.npmjs.org/pretty-format/-/pretty-format-3.8.0.tgz",
            "integrity": "sha1-v77VbV6ad2ZF9LH/eqGjrE+jw4U="
        },
        "prop-types": {
            "version": "15.7.2",
            "resolved": "https://registry.npmjs.org/prop-types/-/prop-types-15.7.2.tgz",
            "integrity": "sha512-8QQikdH7//R2vurIJSutZ1smHYTcLpRWEOlHnzcWHmBYrOGUysKwSsrC89BCiFj3CbrfJ/nXFdJepOVrY1GCHQ==",
            "requires": {
                "loose-envify": "^1.4.0",
                "object-assign": "^4.1.1",
                "react-is": "^16.8.1"
            }
        },
        "react-flip-move": {
            "version": "2.9.14",
            "resolved": "https://registry.npmjs.org/react-flip-move/-/react-flip-move-2.9.14.tgz",
            "integrity": "sha1-O2DkRJOku+EVqMPWeLhEd2u6tFM="
        },
        "react-is": {
            "version": "16.13.1",
            "resolved": "https://registry.npmjs.org/react-is/-/react-is-16.13.1.tgz",
            "integrity": "sha512-24e6ynE2H+OKt4kqsOvNd8kBpV65zoxbA4BVsEOB3ARVWQki/DHzaUoC5KuON/BiccDaCCTZBuOcfZs70kR8bQ=="
        },
        "side-channel": {
            "version": "1.0.4",
            "resolved": "https://registry.npmjs.org/side-channel/-/side-channel-1.0.4.tgz",
            "integrity": "sha512-q5XPytqFEIKHkGdiMIrY10mvLRvnQh42/+GoBlFW3b2LXLE2xxJpZFdm94we0BaoV3RwJyGqg5wS7epxTv0Zvw==",
            "requires": {
                "call-bind": "^1.0.0",
                "get-intrinsic": "^1.0.2",
                "object-inspect": "^1.9.0"
            }
        },
        "standalone-react-addons-pure-render-mixin": {
            "version": "0.1.1",
            "resolved": "https://registry.npmjs.org/standalone-react-addons-pure-render-mixin/-/standalone-react-addons-pure-render-mixin-0.1.1.tgz",
            "integrity": "sha1-PHQJ9MecQN6axyxhbPZ5qZTzdVE="
        },
        "string.prototype.trim": {
            "version": "1.2.4",
            "resolved": "https://registry.npmjs.org/string.prototype.trim/-/string.prototype.trim-1.2.4.tgz",
            "integrity": "sha512-hWCk/iqf7lp0/AgTF7/ddO1IWtSNPASjlzCicV5irAVdE1grjsneK26YG6xACMBEdCvO8fUST0UzDMh/2Qy+9Q==",
            "requires": {
                "call-bind": "^1.0.2",
                "define-properties": "^1.1.3",
                "es-abstract": "^1.18.0-next.2"
            }
        },
        "string.prototype.trimend": {
            "version": "1.0.4",
            "resolved": "https://registry.npmjs.org/string.prototype.trimend/-/string.prototype.trimend-1.0.4.tgz",
            "integrity": "sha512-y9xCjw1P23Awk8EvTpcyL2NIr1j7wJ39f+k6lvRnSMz+mz9CGz9NYPelDk42kOz6+ql8xjfK8oYzy3jAP5QU5A==",
            "requires": {
                "call-bind": "^1.0.2",
                "define-properties": "^1.1.3"
            }
        },
        "string.prototype.trimstart": {
            "version": "1.0.4",
            "resolved": "https://registry.npmjs.org/string.prototype.trimstart/-/string.prototype.trimstart-1.0.4.tgz",
            "integrity": "sha512-jh6e984OBfvxS50tdY2nRZnoC5/mLFKOREQfw8t5yytkoUsJRNxvI/E39qu1sD0OtWI3OC0XgKSmcWwziwYuZw==",
            "requires": {
                "call-bind": "^1.0.2",
                "define-properties": "^1.1.3"
            }
        },
        "unbox-primitive": {
            "version": "1.0.1",
            "resolved": "https://registry.npmjs.org/unbox-primitive/-/unbox-primitive-1.0.1.tgz",
            "integrity": "sha512-tZU/3NqK3dA5gpE1KtyiJUrEB0lxnGkMFHptJ7q6ewdZ8s12QrODwNbhIJStmJkd1QDXa1NRA8aF2A1zk/Ypyw==",
            "requires": {
                "function-bind": "^1.1.1",
                "has-bigints": "^1.0.1",
                "has-symbols": "^1.0.2",
                "which-boxed-primitive": "^1.0.2"
            }
        },
        "warning": {
            "version": "3.0.0",
            "resolved": "https://registry.npmjs.org/warning/-/warning-3.0.0.tgz",
            "integrity": "sha1-MuU3fLVy3kqwR1O9+IIcAe1gW3w=",
            "requires": {
                "loose-envify": "^1.0.0"
            }
        },
        "which-boxed-primitive": {
            "version": "1.0.2",
            "resolved": "https://registry.npmjs.org/which-boxed-primitive/-/which-boxed-primitive-1.0.2.tgz",
            "integrity": "sha512-bwZdv0AKLpplFY2KZRX6TvyuN7ojjr7lwkg6ml0roIy9YeuSr7JS372qlNW18UQYzgYK9ziGcerWqZOmEn9VNg==",
            "requires": {
                "is-bigint": "^1.0.1",
                "is-boolean-object": "^1.1.0",
                "is-number-object": "^1.0.4",
                "is-string": "^1.0.5",
                "is-symbol": "^1.0.3"
            }
        }
    }
}
